// !$*UTF8*$!
{
	archiveVersion = 1;
	classes = {
	};
	objectVersion = 56;
	objects = {

/* Begin PBXBuildFile section */
		D20E9E6A2AABE85B00010F0B /* NavBar.swift in Sources */ = {isa = PBXBuildFile; fileRef = D20E9E692AABE85B00010F0B /* NavBar.swift */; };
		D2712B582AD1C1AE004FFD8D /* GoogleService-Info.plist in Resources */ = {isa = PBXBuildFile; fileRef = D2712B572AD1C1AE004FFD8D /* GoogleService-Info.plist */; };
		D2712B5A2AD1D0A1004FFD8D /* ImagePicker.swift in Sources */ = {isa = PBXBuildFile; fileRef = D2712B592AD1D0A1004FFD8D /* ImagePicker.swift */; };
		D2F0DAC52AABE71D00A6EC8A /* PennApps2023App.swift in Sources */ = {isa = PBXBuildFile; fileRef = D2F0DAC42AABE71D00A6EC8A /* PennApps2023App.swift */; };
		D2F0DAC72AABE71D00A6EC8A /* ContentView.swift in Sources */ = {isa = PBXBuildFile; fileRef = D2F0DAC62AABE71D00A6EC8A /* ContentView.swift */; };
		D2F0DAC92AABE71E00A6EC8A /* Assets.xcassets in Resources */ = {isa = PBXBuildFile; fileRef = D2F0DAC82AABE71E00A6EC8A /* Assets.xcassets */; };
		D2F0DACC2AABE71E00A6EC8A /* Preview Assets.xcassets in Resources */ = {isa = PBXBuildFile; fileRef = D2F0DACB2AABE71E00A6EC8A /* Preview Assets.xcassets */; };
		D2F0DAD62AABE71F00A6EC8A /* PennApps2023Tests.swift in Sources */ = {isa = PBXBuildFile; fileRef = D2F0DAD52AABE71F00A6EC8A /* PennApps2023Tests.swift */; };
		D2F0DAE02AABE71F00A6EC8A /* PennApps2023UITests.swift in Sources */ = {isa = PBXBuildFile; fileRef = D2F0DADF2AABE71F00A6EC8A /* PennApps2023UITests.swift */; };
		D2F0DAE22AABE71F00A6EC8A /* PennApps2023UITestsLaunchTests.swift in Sources */ = {isa = PBXBuildFile; fileRef = D2F0DAE12AABE71F00A6EC8A /* PennApps2023UITestsLaunchTests.swift */; };
		D2FFF9782AD1BC600089AA13 /* FirebaseAnalytics in Frameworks */ = {isa = PBXBuildFile; productRef = D2FFF9772AD1BC600089AA13 /* FirebaseAnalytics */; };
		D2FFF97A2AD1BC600089AA13 /* FirebaseFirestore in Frameworks */ = {isa = PBXBuildFile; productRef = D2FFF9792AD1BC600089AA13 /* FirebaseFirestore */; };
		D2FFF97C2AD1BC600089AA13 /* FirebaseStorage in Frameworks */ = {isa = PBXBuildFile; productRef = D2FFF97B2AD1BC600089AA13 /* FirebaseStorage */; };
/* End PBXBuildFile section */

/* Begin PBXContainerItemProxy section */
		D2F0DAD22AABE71F00A6EC8A /* PBXContainerItemProxy */ = {
			isa = PBXContainerItemProxy;
			containerPortal = D2F0DAB92AABE71D00A6EC8A /* Project object */;
			proxyType = 1;
			remoteGlobalIDString = D2F0DAC02AABE71D00A6EC8A;
			remoteInfo = PennApps2023;
		};
		D2F0DADC2AABE71F00A6EC8A /* PBXContainerItemProxy */ = {
			isa = PBXContainerItemProxy;
			containerPortal = D2F0DAB92AABE71D00A6EC8A /* Project object */;
			proxyType = 1;
			remoteGlobalIDString = D2F0DAC02AABE71D00A6EC8A;
			remoteInfo = PennApps2023;
		};
/* End PBXContainerItemProxy section */

/* Begin PBXFileReference section */
		D20E9E692AABE85B00010F0B /* NavBar.swift */ = {isa = PBXFileReference; lastKnownFileType = sourcecode.swift; path = NavBar.swift; sourceTree = "<group>"; };
		D2712B572AD1C1AE004FFD8D /* GoogleService-Info.plist */ = {isa = PBXFileReference; lastKnownFileType = text.plist; path = "GoogleService-Info.plist"; sourceTree = SOURCE_ROOT; };
		D2712B592AD1D0A1004FFD8D /* ImagePicker.swift */ = {isa = PBXFileReference; lastKnownFileType = sourcecode.swift; path = ImagePicker.swift; sourceTree = "<group>"; };
		D2F0DAC12AABE71D00A6EC8A /* PennApps2023.app */ = {isa = PBXFileReference; explicitFileType = wrapper.application; includeInIndex = 0; path = PennApps2023.app; sourceTree = BUILT_PRODUCTS_DIR; };
		D2F0DAC42AABE71D00A6EC8A /* PennApps2023App.swift */ = {isa = PBXFileReference; lastKnownFileType = sourcecode.swift; path = PennApps2023App.swift; sourceTree = "<group>"; };
		D2F0DAC62AABE71D00A6EC8A /* ContentView.swift */ = {isa = PBXFileReference; lastKnownFileType = sourcecode.swift; path = ContentView.swift; sourceTree = "<group>"; };
		D2F0DAC82AABE71E00A6EC8A /* Assets.xcassets */ = {isa = PBXFileReference; lastKnownFileType = folder.assetcatalog; path = Assets.xcassets; sourceTree = "<group>"; };
		D2F0DACB2AABE71E00A6EC8A /* Preview Assets.xcassets */ = {isa = PBXFileReference; lastKnownFileType = folder.assetcatalog; path = "Preview Assets.xcassets"; sourceTree = "<group>"; };
		D2F0DAD12AABE71F00A6EC8A /* PennApps2023Tests.xctest */ = {isa = PBXFileReference; explicitFileType = wrapper.cfbundle; includeInIndex = 0; path = PennApps2023Tests.xctest; sourceTree = BUILT_PRODUCTS_DIR; };
		D2F0DAD52AABE71F00A6EC8A /* PennApps2023Tests.swift */ = {isa = PBXFileReference; lastKnownFileType = sourcecode.swift; path = PennApps2023Tests.swift; sourceTree = "<group>"; };
		D2F0DADB2AABE71F00A6EC8A /* PennApps2023UITests.xctest */ = {isa = PBXFileReference; explicitFileType = wrapper.cfbundle; includeInIndex = 0; path = PennApps2023UITests.xctest; sourceTree = BUILT_PRODUCTS_DIR; };
		D2F0DADF2AABE71F00A6EC8A /* PennApps2023UITests.swift */ = {isa = PBXFileReference; lastKnownFileType = sourcecode.swift; path = PennApps2023UITests.swift; sourceTree = "<group>"; };
		D2F0DAE12AABE71F00A6EC8A /* PennApps2023UITestsLaunchTests.swift */ = {isa = PBXFileReference; lastKnownFileType = sourcecode.swift; path = PennApps2023UITestsLaunchTests.swift; sourceTree = "<group>"; };
/* End PBXFileReference section */

/* Begin PBXFrameworksBuildPhase section */
		D2F0DABE2AABE71D00A6EC8A /* Frameworks */ = {
			isa = PBXFrameworksBuildPhase;
			buildActionMask = 2147483647;
			files = (
				D2FFF9782AD1BC600089AA13 /* FirebaseAnalytics in Frameworks */,
				D2FFF97A2AD1BC600089AA13 /* FirebaseFirestore in Frameworks */,
				D2FFF97C2AD1BC600089AA13 /* FirebaseStorage in Frameworks */,
			);
			runOnlyForDeploymentPostprocessing = 0;
		};
		D2F0DACE2AABE71F00A6EC8A /* Frameworks */ = {
			isa = PBXFrameworksBuildPhase;
			buildActionMask = 2147483647;
			files = (
			);
			runOnlyForDeploymentPostprocessing = 0;
		};
		D2F0DAD82AABE71F00A6EC8A /* Frameworks */ = {
			isa = PBXFrameworksBuildPhase;
			buildActionMask = 2147483647;
			files = (
			);
			runOnlyForDeploymentPostprocessing = 0;
		};
/* End PBXFrameworksBuildPhase section */

/* Begin PBXGroup section */
		D2F0DAB82AABE71D00A6EC8A = {
			isa = PBXGroup;
			children = (
				D2F0DAC32AABE71D00A6EC8A /* PennApps2023 */,
				D2F0DAD42AABE71F00A6EC8A /* PennApps2023Tests */,
				D2F0DADE2AABE71F00A6EC8A /* PennApps2023UITests */,
				D2F0DAC22AABE71D00A6EC8A /* Products */,
			);
			sourceTree = "<group>";
		};
		D2F0DAC22AABE71D00A6EC8A /* Products */ = {
			isa = PBXGroup;
			children = (
				D2F0DAC12AABE71D00A6EC8A /* PennApps2023.app */,
				D2F0DAD12AABE71F00A6EC8A /* PennApps2023Tests.xctest */,
				D2F0DADB2AABE71F00A6EC8A /* PennApps2023UITests.xctest */,
			);
			name = Products;
			sourceTree = "<group>";
		};
		D2F0DAC32AABE71D00A6EC8A /* PennApps2023 */ = {
			isa = PBXGroup;
			children = (
				D20E9E692AABE85B00010F0B /* NavBar.swift */,
				D2F0DAC42AABE71D00A6EC8A /* PennApps2023App.swift */,
				D2712B572AD1C1AE004FFD8D /* GoogleService-Info.plist */,
				D2F0DAC62AABE71D00A6EC8A /* ContentView.swift */,
				D2F0DAC82AABE71E00A6EC8A /* Assets.xcassets */,
				D2F0DACA2AABE71E00A6EC8A /* Preview Content */,
				D2712B592AD1D0A1004FFD8D /* ImagePicker.swift */,
			);
			path = PennApps2023;
			sourceTree = "<group>";
		};
		D2F0DACA2AABE71E00A6EC8A /* Preview Content */ = {
			isa = PBXGroup;
			children = (
				D2F0DACB2AABE71E00A6EC8A /* Preview Assets.xcassets */,
			);
			path = "Preview Content";
			sourceTree = "<group>";
		};
		D2F0DAD42AABE71F00A6EC8A /* PennApps2023Tests */ = {
			isa = PBXGroup;
			children = (
				D2F0DAD52AABE71F00A6EC8A /* PennApps2023Tests.swift */,
			);
			path = PennApps2023Tests;
			sourceTree = "<group>";
		};
		D2F0DADE2AABE71F00A6EC8A /* PennApps2023UITests */ = {
			isa = PBXGroup;
			children = (
				D2F0DADF2AABE71F00A6EC8A /* PennApps2023UITests.swift */,
				D2F0DAE12AABE71F00A6EC8A /* PennApps2023UITestsLaunchTests.swift */,
			);
			path = PennApps2023UITests;
			sourceTree = "<group>";
		};
/* End PBXGroup section */

/* Begin PBXNativeTarget section */
		D2F0DAC02AABE71D00A6EC8A /* PennApps2023 */ = {
			isa = PBXNativeTarget;
			buildConfigurationList = D2F0DAE52AABE71F00A6EC8A /* Build configuration list for PBXNativeTarget "PennApps2023" */;
			buildPhases = (
				D2F0DABD2AABE71D00A6EC8A /* Sources */,
				D2F0DABE2AABE71D00A6EC8A /* Frameworks */,
				D2F0DABF2AABE71D00A6EC8A /* Resources */,
			);
			buildRules = (
			);
			dependencies = (
			);
			name = PennApps2023;
			packageProductDependencies = (
				D2FFF9772AD1BC600089AA13 /* FirebaseAnalytics */,
				D2FFF9792AD1BC600089AA13 /* FirebaseFirestore */,
				D2FFF97B2AD1BC600089AA13 /* FirebaseStorage */,
			);
			productName = PennApps2023;
			productReference = D2F0DAC12AABE71D00A6EC8A /* PennApps2023.app */;
			productType = "com.apple.product-type.application";
		};
		D2F0DAD02AABE71F00A6EC8A /* PennApps2023Tests */ = {
			isa = PBXNativeTarget;
			buildConfigurationList = D2F0DAE82AABE71F00A6EC8A /* Build configuration list for PBXNativeTarget "PennApps2023Tests" */;
			buildPhases = (
				D2F0DACD2AABE71F00A6EC8A /* Sources */,
				D2F0DACE2AABE71F00A6EC8A /* Frameworks */,
				D2F0DACF2AABE71F00A6EC8A /* Resources */,
			);
			buildRules = (
			);
			dependencies = (
				D2F0DAD32AABE71F00A6EC8A /* PBXTargetDependency */,
			);
			name = PennApps2023Tests;
			productName = PennApps2023Tests;
			productReference = D2F0DAD12AABE71F00A6EC8A /* PennApps2023Tests.xctest */;
			productType = "com.apple.product-type.bundle.unit-test";
		};
		D2F0DADA2AABE71F00A6EC8A /* PennApps2023UITests */ = {
			isa = PBXNativeTarget;
			buildConfigurationList = D2F0DAEB2AABE71F00A6EC8A /* Build configuration list for PBXNativeTarget "PennApps2023UITests" */;
			buildPhases = (
				D2F0DAD72AABE71F00A6EC8A /* Sources */,
				D2F0DAD82AABE71F00A6EC8A /* Frameworks */,
				D2F0DAD92AABE71F00A6EC8A /* Resources */,
			);
			buildRules = (
			);
			dependencies = (
				D2F0DADD2AABE71F00A6EC8A /* PBXTargetDependency */,
			);
			name = PennApps2023UITests;
			productName = PennApps2023UITests;
			productReference = D2F0DADB2AABE71F00A6EC8A /* PennApps2023UITests.xctest */;
			productType = "com.apple.product-type.bundle.ui-testing";
		};
/* End PBXNativeTarget section */

/* Begin PBXProject section */
		D2F0DAB92AABE71D00A6EC8A /* Project object */ = {
			isa = PBXProject;
			attributes = {
				BuildIndependentTargetsInParallel = 1;
				LastSwiftUpdateCheck = 1420;
				LastUpgradeCheck = 1420;
				TargetAttributes = {
					D2F0DAC02AABE71D00A6EC8A = {
						CreatedOnToolsVersion = 14.2;
					};
					D2F0DAD02AABE71F00A6EC8A = {
						CreatedOnToolsVersion = 14.2;
						TestTargetID = D2F0DAC02AABE71D00A6EC8A;
					};
					D2F0DADA2AABE71F00A6EC8A = {
						CreatedOnToolsVersion = 14.2;
						TestTargetID = D2F0DAC02AABE71D00A6EC8A;
					};
				};
			};
			buildConfigurationList = D2F0DABC2AABE71D00A6EC8A /* Build configuration list for PBXProject "PennApps2023" */;
			compatibilityVersion = "Xcode 14.0";
			developmentRegion = en;
			hasScannedForEncodings = 0;
			knownRegions = (
				en,
				Base,
			);
			mainGroup = D2F0DAB82AABE71D00A6EC8A;
			packageReferences = (
				D2FFF9762AD1BC600089AA13 /* XCRemoteSwiftPackageReference "firebase-ios-sdk" */,
			);
			productRefGroup = D2F0DAC22AABE71D00A6EC8A /* Products */;
			projectDirPath = "";
			projectRoot = "";
			targets = (
				D2F0DAC02AABE71D00A6EC8A /* PennApps2023 */,
				D2F0DAD02AABE71F00A6EC8A /* PennApps2023Tests */,
				D2F0DADA2AABE71F00A6EC8A /* PennApps2023UITests */,
			);
		};
/* End PBXProject section */

/* Begin PBXResourcesBuildPhase section */
		D2F0DABF2AABE71D00A6EC8A /* Resources */ = {
			isa = PBXResourcesBuildPhase;
			buildActionMask = 2147483647;
			files = (
				D2F0DACC2AABE71E00A6EC8A /* Preview Assets.xcassets in Resources */,
				D2F0DAC92AABE71E00A6EC8A /* Assets.xcassets in Resources */,
				D2712B582AD1C1AE004FFD8D /* GoogleService-Info.plist in Resources */,
			);
			runOnlyForDeploymentPostprocessing = 0;
		};
		D2F0DACF2AABE71F00A6EC8A /* Resources */ = {
			isa = PBXResourcesBuildPhase;
			buildActionMask = 2147483647;
			files = (
			);
			runOnlyForDeploymentPostprocessing = 0;
		};
		D2F0DAD92AABE71F00A6EC8A /* Resources */ = {
			isa = PBXResourcesBuildPhase;
			buildActionMask = 2147483647;
			files = (
			);
			runOnlyForDeploymentPostprocessing = 0;
		};
/* End PBXResourcesBuildPhase section */

/* Begin PBXSourcesBuildPhase section */
		D2F0DABD2AABE71D00A6EC8A /* Sources */ = {
			isa = PBXSourcesBuildPhase;
			buildActionMask = 2147483647;
			files = (
				D2F0DAC72AABE71D00A6EC8A /* ContentView.swift in Sources */,
				D2712B5A2AD1D0A1004FFD8D /* ImagePicker.swift in Sources */,
				D2F0DAC52AABE71D00A6EC8A /* PennApps2023App.swift in Sources */,
				D20E9E6A2AABE85B00010F0B /* NavBar.swift in Sources */,
			);
			runOnlyForDeploymentPostprocessing = 0;
		};
		D2F0DACD2AABE71F00A6EC8A /* Sources */ = {
			isa = PBXSourcesBuildPhase;
			buildActionMask = 2147483647;
			files = (
				D2F0DAD62AABE71F00A6EC8A /* PennApps2023Tests.swift in Sources */,
			);
			runOnlyForDeploymentPostprocessing = 0;
		};
		D2F0DAD72AABE71F00A6EC8A /* Sources */ = {
			isa = PBXSourcesBuildPhase;
			buildActionMask = 2147483647;
			files = (
				D2F0DAE22AABE71F00A6EC8A /* PennApps2023UITestsLaunchTests.swift in Sources */,
				D2F0DAE02AABE71F00A6EC8A /* PennApps2023UITests.swift in Sources */,
			);
			runOnlyForDeploymentPostprocessing = 0;
		};
/* End PBXSourcesBuildPhase section */

/* Begin PBXTargetDependency section */
		D2F0DAD32AABE71F00A6EC8A /* PBXTargetDependency */ = {
			isa = PBXTargetDependency;
			target = D2F0DAC02AABE71D00A6EC8A /* PennApps2023 */;
			targetProxy = D2F0DAD22AABE71F00A6EC8A /* PBXContainerItemProxy */;
		};
		D2F0DADD2AABE71F00A6EC8A /* PBXTargetDependency */ = {
			isa = PBXTargetDependency;
			target = D2F0DAC02AABE71D00A6EC8A /* PennApps2023 */;
			targetProxy = D2F0DADC2AABE71F00A6EC8A /* PBXContainerItemProxy */;
		};
/* End PBXTargetDependency section */

/* Begin XCBuildConfiguration section */
		D2F0DAE32AABE71F00A6EC8A /* Debug */ = {
			isa = XCBuildConfiguration;
			buildSettings = {
				ALWAYS_SEARCH_USER_PATHS = NO;
				CLANG_ANALYZER_NONNULL = YES;
				CLANG_ANALYZER_NUMBER_OBJECT_CONVERSION = YES_AGGRESSIVE;
				CLANG_CXX_LANGUAGE_STANDARD = "gnu++20";
				CLANG_ENABLE_MODULES = YES;
				CLANG_ENABLE_OBJC_ARC = YES;
				CLANG_ENABLE_OBJC_WEAK = YES;
				CLANG_WARN_BLOCK_CAPTURE_AUTORELEASING = YES;
				CLANG_WARN_BOOL_CONVERSION = YES;
				CLANG_WARN_COMMA = YES;
				CLANG_WARN_CONSTANT_CONVERSION = YES;
				CLANG_WARN_DEPRECATED_OBJC_IMPLEMENTATIONS = YES;
				CLANG_WARN_DIRECT_OBJC_ISA_USAGE = YES_ERROR;
				CLANG_WARN_DOCUMENTATION_COMMENTS = YES;
				CLANG_WARN_EMPTY_BODY = YES;
				CLANG_WARN_ENUM_CONVERSION = YES;
				CLANG_WARN_INFINITE_RECURSION = YES;
				CLANG_WARN_INT_CONVERSION = YES;
				CLANG_WARN_NON_LITERAL_NULL_CONVERSION = YES;
				CLANG_WARN_OBJC_IMPLICIT_RETAIN_SELF = YES;
				CLANG_WARN_OBJC_LITERAL_CONVERSION = YES;
				CLANG_WARN_OBJC_ROOT_CLASS = YES_ERROR;
				CLANG_WARN_QUOTED_INCLUDE_IN_FRAMEWORK_HEADER = YES;
				CLANG_WARN_RANGE_LOOP_ANALYSIS = YES;
				CLANG_WARN_STRICT_PROTOTYPES = YES;
				CLANG_WARN_SUSPICIOUS_MOVE = YES;
				CLANG_WARN_UNGUARDED_AVAILABILITY = YES_AGGRESSIVE;
				CLANG_WARN_UNREACHABLE_CODE = YES;
				CLANG_WARN__DUPLICATE_METHOD_MATCH = YES;
				COPY_PHASE_STRIP = NO;
				DEBUG_INFORMATION_FORMAT = dwarf;
				ENABLE_STRICT_OBJC_MSGSEND = YES;
				ENABLE_TESTABILITY = YES;
				GCC_C_LANGUAGE_STANDARD = gnu11;
				GCC_DYNAMIC_NO_PIC = NO;
				GCC_NO_COMMON_BLOCKS = YES;
				GCC_OPTIMIZATION_LEVEL = 0;
				GCC_PREPROCESSOR_DEFINITIONS = (
					"DEBUG=1",
					"$(inherited)",
				);
				GCC_WARN_64_TO_32_BIT_CONVERSION = YES;
				GCC_WARN_ABOUT_RETURN_TYPE = YES_ERROR;
				GCC_WARN_UNDECLARED_SELECTOR = YES;
				GCC_WARN_UNINITIALIZED_AUTOS = YES_AGGRESSIVE;
				GCC_WARN_UNUSED_FUNCTION = YES;
				GCC_WARN_UNUSED_VARIABLE = YES;
				IPHONEOS_DEPLOYMENT_TARGET = 16.2;
				MTL_ENABLE_DEBUG_INFO = INCLUDE_SOURCE;
				MTL_FAST_MATH = YES;
				ONLY_ACTIVE_ARCH = YES;
				SDKROOT = iphoneos;
				SWIFT_ACTIVE_COMPILATION_CONDITIONS = DEBUG;
				SWIFT_OPTIMIZATION_LEVEL = "-Onone";
			};
			name = Debug;
		};
		D2F0DAE42AABE71F00A6EC8A /* Release */ = {
			isa = XCBuildConfiguration;
			buildSettings = {
				ALWAYS_SEARCH_USER_PATHS = NO;
				CLANG_ANALYZER_NONNULL = YES;
				CLANG_ANALYZER_NUMBER_OBJECT_CONVERSION = YES_AGGRESSIVE;
				CLANG_CXX_LANGUAGE_STANDARD = "gnu++20";
				CLANG_ENABLE_MODULES = YES;
				CLANG_ENABLE_OBJC_ARC = YES;
				CLANG_ENABLE_OBJC_WEAK = YES;
				CLANG_WARN_BLOCK_CAPTURE_AUTORELEASING = YES;
				CLANG_WARN_BOOL_CONVERSION = YES;
				CLANG_WARN_COMMA = YES;
				CLANG_WARN_CONSTANT_CONVERSION = YES;
				CLANG_WARN_DEPRECATED_OBJC_IMPLEMENTATIONS = YES;
				CLANG_WARN_DIRECT_OBJC_ISA_USAGE = YES_ERROR;
				CLANG_WARN_DOCUMENTATION_COMMENTS = YES;
				CLANG_WARN_EMPTY_BODY = YES;
				CLANG_WARN_ENUM_CONVERSION = YES;
				CLANG_WARN_INFINITE_RECURSION = YES;
				CLANG_WARN_INT_CONVERSION = YES;
				CLANG_WARN_NON_LITERAL_NULL_CONVERSION = YES;
				CLANG_WARN_OBJC_IMPLICIT_RETAIN_SELF = YES;
				CLANG_WARN_OBJC_LITERAL_CONVERSION = YES;
				CLANG_WARN_OBJC_ROOT_CLASS = YES_ERROR;
				CLANG_WARN_QUOTED_INCLUDE_IN_FRAMEWORK_HEADER = YES;
				CLANG_WARN_RANGE_LOOP_ANALYSIS = YES;
				CLANG_WARN_STRICT_PROTOTYPES = YES;
				CLANG_WARN_SUSPICIOUS_MOVE = YES;
				CLANG_WARN_UNGUARDED_AVAILABILITY = YES_AGGRESSIVE;
				CLANG_WARN_UNREACHABLE_CODE = YES;
				CLANG_WARN__DUPLICATE_METHOD_MATCH = YES;
				COPY_PHASE_STRIP = NO;
				DEBUG_INFORMATION_FORMAT = "dwarf-with-dsym";
				ENABLE_NS_ASSERTIONS = NO;
				ENABLE_STRICT_OBJC_MSGSEND = YES;
				GCC_C_LANGUAGE_STANDARD = gnu11;
				GCC_NO_COMMON_BLOCKS = YES;
				GCC_WARN_64_TO_32_BIT_CONVERSION = YES;
				GCC_WARN_ABOUT_RETURN_TYPE = YES_ERROR;
				GCC_WARN_UNDECLARED_SELECTOR = YES;
				GCC_WARN_UNINITIALIZED_AUTOS = YES_AGGRESSIVE;
				GCC_WARN_UNUSED_FUNCTION = YES;
				GCC_WARN_UNUSED_VARIABLE = YES;
				IPHONEOS_DEPLOYMENT_TARGET = 16.2;
				MTL_ENABLE_DEBUG_INFO = NO;
				MTL_FAST_MATH = YES;
				SDKROOT = iphoneos;
				SWIFT_COMPILATION_MODE = wholemodule;
				SWIFT_OPTIMIZATION_LEVEL = "-O";
				VALIDATE_PRODUCT = YES;
			};
			name = Release;
		};
		D2F0DAE62AABE71F00A6EC8A /* Debug */ = {
			isa = XCBuildConfiguration;
			buildSettings = {
				ASSETCATALOG_COMPILER_APPICON_NAME = AppIcon;
				ASSETCATALOG_COMPILER_GLOBAL_ACCENT_COLOR_NAME = AccentColor;
				CODE_SIGN_STYLE = Automatic;
				CURRENT_PROJECT_VERSION = 1;
				DEVELOPMENT_ASSET_PATHS = "\"PennApps2023/Preview Content\"";
				DEVELOPMENT_TEAM = 965VT322VD;
				ENABLE_PREVIEWS = YES;
				GENERATE_INFOPLIST_FILE = YES;
				INFOPLIST_KEY_UIApplicationSceneManifest_Generation = YES;
				INFOPLIST_KEY_UIApplicationSupportsIndirectInputEvents = YES;
				INFOPLIST_KEY_UILaunchScreen_Generation = YES;
				INFOPLIST_KEY_UISupportedInterfaceOrientations_iPad = "UIInterfaceOrientationPortrait UIInterfaceOrientationPortraitUpsideDown UIInterfaceOrientationLandscapeLeft UIInterfaceOrientationLandscapeRight";
				INFOPLIST_KEY_UISupportedInterfaceOrientations_iPhone = "UIInterfaceOrientationPortrait UIInterfaceOrientationLandscapeLeft UIInterfaceOrientationLandscapeRight";
				LD_RUNPATH_SEARCH_PATHS = (
					"$(inherited)",
					"@executable_path/Frameworks",
				);
				MARKETING_VERSION = 1.0;
				PRODUCT_BUNDLE_IDENTIFIER = Team.PennApps2023;
				PRODUCT_NAME = "$(TARGET_NAME)";
				SWIFT_EMIT_LOC_STRINGS = YES;
				SWIFT_VERSION = 5.0;
				TARGETED_DEVICE_FAMILY = "1,2";
			};
			name = Debug;
		};
		D2F0DAE72AABE71F00A6EC8A /* Release */ = {
			isa = XCBuildConfiguration;
			buildSettings = {
				ASSETCATALOG_COMPILER_APPICON_NAME = AppIcon;
				ASSETCATALOG_COMPILER_GLOBAL_ACCENT_COLOR_NAME = AccentColor;
				CODE_SIGN_STYLE = Automatic;
				CURRENT_PROJECT_VERSION = 1;
				DEVELOPMENT_ASSET_PATHS = "\"PennApps2023/Preview Content\"";
				DEVELOPMENT_TEAM = 965VT322VD;
				ENABLE_PREVIEWS = YES;
				GENERATE_INFOPLIST_FILE = YES;
				INFOPLIST_KEY_UIApplicationSceneManifest_Generation = YES;
				INFOPLIST_KEY_UIApplicationSupportsIndirectInputEvents = YES;
				INFOPLIST_KEY_UILaunchScreen_Generation = YES;
				INFOPLIST_KEY_UISupportedInterfaceOrientations_iPad = "UIInterfaceOrientationPortrait UIInterfaceOrientationPortraitUpsideDown UIInterfaceOrientationLandscapeLeft UIInterfaceOrientationLandscapeRight";
				INFOPLIST_KEY_UISupportedInterfaceOrientations_iPhone = "UIInterfaceOrientationPortrait UIInterfaceOrientationLandscapeLeft UIInterfaceOrientationLandscapeRight";
				LD_RUNPATH_SEARCH_PATHS = (
					"$(inherited)",
					"@executable_path/Frameworks",
				);
				MARKETING_VERSION = 1.0;
				PRODUCT_BUNDLE_IDENTIFIER = Team.PennApps2023;
				PRODUCT_NAME = "$(TARGET_NAME)";
				SWIFT_EMIT_LOC_STRINGS = YES;
				SWIFT_VERSION = 5.0;
				TARGETED_DEVICE_FAMILY = "1,2";
			};
			name = Release;
		};
		D2F0DAE92AABE71F00A6EC8A /* Debug */ = {
			isa = XCBuildConfiguration;
			buildSettings = {
				ALWAYS_EMBED_SWIFT_STANDARD_LIBRARIES = YES;
				BUNDLE_LOADER = "$(TEST_HOST)";
				CODE_SIGN_STYLE = Automatic;
				CURRENT_PROJECT_VERSION = 1;
				DEVELOPMENT_TEAM = 965VT322VD;
				GENERATE_INFOPLIST_FILE = YES;
				IPHONEOS_DEPLOYMENT_TARGET = 16.2;
				MARKETING_VERSION = 1.0;
				PRODUCT_BUNDLE_IDENTIFIER = Team.PennApps2023Tests;
				PRODUCT_NAME = "$(TARGET_NAME)";
				SWIFT_EMIT_LOC_STRINGS = NO;
				SWIFT_VERSION = 5.0;
				TARGETED_DEVICE_FAMILY = "1,2";
				TEST_HOST = "$(BUILT_PRODUCTS_DIR)/PennApps2023.app/$(BUNDLE_EXECUTABLE_FOLDER_PATH)/PennApps2023";
			};
			name = Debug;
		};
		D2F0DAEA2AABE71F00A6EC8A /* Release */ = {
			isa = XCBuildConfiguration;
			buildSettings = {
				ALWAYS_EMBED_SWIFT_STANDARD_LIBRARIES = YES;
				BUNDLE_LOADER = "$(TEST_HOST)";
				CODE_SIGN_STYLE = Automatic;
				CURRENT_PROJECT_VERSION = 1;
				DEVELOPMENT_TEAM = 965VT322VD;
				GENERATE_INFOPLIST_FILE = YES;
				IPHONEOS_DEPLOYMENT_TARGET = 16.2;
				MARKETING_VERSION = 1.0;
				PRODUCT_BUNDLE_IDENTIFIER = Team.PennApps2023Tests;
				PRODUCT_NAME = "$(TARGET_NAME)";
				SWIFT_EMIT_LOC_STRINGS = NO;
				SWIFT_VERSION = 5.0;
				TARGETED_DEVICE_FAMILY = "1,2";
				TEST_HOST = "$(BUILT_PRODUCTS_DIR)/PennApps2023.app/$(BUNDLE_EXECUTABLE_FOLDER_PATH)/PennApps2023";
			};
			name = Release;
		};
		D2F0DAEC2AABE71F00A6EC8A /* Debug */ = {
			isa = XCBuildConfiguration;
			buildSettings = {
				ALWAYS_EMBED_SWIFT_STANDARD_LIBRARIES = YES;
				CODE_SIGN_STYLE = Automatic;
				CURRENT_PROJECT_VERSION = 1;
				DEVELOPMENT_TEAM = 965VT322VD;
				GENERATE_INFOPLIST_FILE = YES;
				MARKETING_VERSION = 1.0;
				PRODUCT_BUNDLE_IDENTIFIER = Team.PennApps2023UITests;
				PRODUCT_NAME = "$(TARGET_NAME)";
				SWIFT_EMIT_LOC_STRINGS = NO;
				SWIFT_VERSION = 5.0;
				TARGETED_DEVICE_FAMILY = "1,2";
				TEST_TARGET_NAME = PennApps2023;
			};
			name = Debug;
		};
		D2F0DAED2AABE71F00A6EC8A /* Release */ = {
			isa = XCBuildConfiguration;
			buildSettings = {
				ALWAYS_EMBED_SWIFT_STANDARD_LIBRARIES = YES;
				CODE_SIGN_STYLE = Automatic;
				CURRENT_PROJECT_VERSION = 1;
				DEVELOPMENT_TEAM = 965VT322VD;
				GENERATE_INFOPLIST_FILE = YES;
				MARKETING_VERSION = 1.0;
				PRODUCT_BUNDLE_IDENTIFIER = Team.PennApps2023UITests;
				PRODUCT_NAME = "$(TARGET_NAME)";
				SWIFT_EMIT_LOC_STRINGS = NO;
				SWIFT_VERSION = 5.0;
				TARGETED_DEVICE_FAMILY = "1,2";
				TEST_TARGET_NAME = PennApps2023;
			};
			name = Release;
		};
/* End XCBuildConfiguration section */

/* Begin XCConfigurationList section */
		D2F0DABC2AABE71D00A6EC8A /* Build configuration list for PBXProject "PennApps2023" */ = {
			isa = XCConfigurationList;
			buildConfigurations = (
				D2F0DAE32AABE71F00A6EC8A /* Debug */,
				D2F0DAE42AABE71F00A6EC8A /* Release */,
			);
			defaultConfigurationIsVisible = 0;
			defaultConfigurationName = Release;
		};
		D2F0DAE52AABE71F00A6EC8A /* Build configuration list for PBXNativeTarget "PennApps2023" */ = {
			isa = XCConfigurationList;
			buildConfigurations = (
				D2F0DAE62AABE71F00A6EC8A /* Debug */,
				D2F0DAE72AABE71F00A6EC8A /* Release */,
			);
			defaultConfigurationIsVisible = 0;
			defaultConfigurationName = Release;
		};
		D2F0DAE82AABE71F00A6EC8A /* Build configuration list for PBXNativeTarget "PennApps2023Tests" */ = {
			isa = XCConfigurationList;
			buildConfigurations = (
				D2F0DAE92AABE71F00A6EC8A /* Debug */,
				D2F0DAEA2AABE71F00A6EC8A /* Release */,
			);
			defaultConfigurationIsVisible = 0;
			defaultConfigurationName = Release;
		};
		D2F0DAEB2AABE71F00A6EC8A /* Build configuration list for PBXNativeTarget "PennApps2023UITests" */ = {
			isa = XCConfigurationList;
			buildConfigurations = (
				D2F0DAEC2AABE71F00A6EC8A /* Debug */,
				D2F0DAED2AABE71F00A6EC8A /* Release */,
			);
			defaultConfigurationIsVisible = 0;
			defaultConfigurationName = Release;
		};
/* End XCConfigurationList section */

/* Begin XCRemoteSwiftPackageReference section */
		D2FFF9762AD1BC600089AA13 /* XCRemoteSwiftPackageReference "firebase-ios-sdk" */ = {
			isa = XCRemoteSwiftPackageReference;
			repositoryURL = "https://github.com/firebase/firebase-ios-sdk";
			requirement = {
				kind = upToNextMajorVersion;
				minimumVersion = 9.0.0;
			};
		};
/* End XCRemoteSwiftPackageReference section */

/* Begin XCSwiftPackageProductDependency section */
		D2FFF9772AD1BC600089AA13 /* FirebaseAnalytics */ = {
			isa = XCSwiftPackageProductDependency;
			package = D2FFF9762AD1BC600089AA13 /* XCRemoteSwiftPackageReference "firebase-ios-sdk" */;
			productName = FirebaseAnalytics;
		};
		D2FFF9792AD1BC600089AA13 /* FirebaseFirestore */ = {
			isa = XCSwiftPackageProductDependency;
			package = D2FFF9762AD1BC600089AA13 /* XCRemoteSwiftPackageReference "firebase-ios-sdk" */;
			productName = FirebaseFirestore;
		};
		D2FFF97B2AD1BC600089AA13 /* FirebaseStorage */ = {
			isa = XCSwiftPackageProductDependency;
			package = D2FFF9762AD1BC600089AA13 /* XCRemoteSwiftPackageReference "firebase-ios-sdk" */;
			productName = FirebaseStorage;
		};
/* End XCSwiftPackageProductDependency section */
	};
	rootObject = D2F0DAB92AABE71D00A6EC8A /* Project object */;
}
